// !$*UTF8*$!
{
	archiveVersion = 1;
	classes = {
	};
	objectVersion = 46;
	objects = {

/* Begin PBXBuildFile section */
		127B3AAE1C09FED100FD6E9F /* AppDelegate.swift in Sources */ = {isa = PBXBuildFile; fileRef = 127B3AAD1C09FED100FD6E9F /* AppDelegate.swift */; };
		127B3AB01C09FED100FD6E9F /* MasterViewController.swift in Sources */ = {isa = PBXBuildFile; fileRef = 127B3AAF1C09FED100FD6E9F /* MasterViewController.swift */; };
		127B3AB21C09FED100FD6E9F /* DetailViewController.swift in Sources */ = {isa = PBXBuildFile; fileRef = 127B3AB11C09FED100FD6E9F /* DetailViewController.swift */; };
		127B3AB51C09FED100FD6E9F /* Main.storyboard in Resources */ = {isa = PBXBuildFile; fileRef = 127B3AB31C09FED100FD6E9F /* Main.storyboard */; };
		127B3AB71C09FED100FD6E9F /* Assets.xcassets in Resources */ = {isa = PBXBuildFile; fileRef = 127B3AB61C09FED100FD6E9F /* Assets.xcassets */; };
		127B3ABA1C09FED100FD6E9F /* LaunchScreen.storyboard in Resources */ = {isa = PBXBuildFile; fileRef = 127B3AB81C09FED100FD6E9F /* LaunchScreen.storyboard */; };
		127B3AC51C09FED100FD6E9F /* Course3_Day3Tests.swift in Sources */ = {isa = PBXBuildFile; fileRef = 127B3AC41C09FED100FD6E9F /* Course3_Day3Tests.swift */; };
		127B3AD01C09FED100FD6E9F /* Course3_Day3UITests.swift in Sources */ = {isa = PBXBuildFile; fileRef = 127B3ACF1C09FED100FD6E9F /* Course3_Day3UITests.swift */; };
		127B3ADE1C0A01E200FD6E9F /* dog.jpg in Resources */ = {isa = PBXBuildFile; fileRef = 127B3ADD1C0A01E200FD6E9F /* dog.jpg */; };
		127B3AE01C0A0DDD00FD6E9F /* VoteCell.swift in Sources */ = {isa = PBXBuildFile; fileRef = 127B3ADF1C0A0DDD00FD6E9F /* VoteCell.swift */; };
/* End PBXBuildFile section */

/* Begin PBXContainerItemProxy section */
		127B3AC11C09FED100FD6E9F /* PBXContainerItemProxy */ = {
			isa = PBXContainerItemProxy;
			containerPortal = 127B3AA21C09FED100FD6E9F /* Project object */;
			proxyType = 1;
			remoteGlobalIDString = 127B3AA91C09FED100FD6E9F;
			remoteInfo = "Course3-Day3";
		};
		127B3ACC1C09FED100FD6E9F /* PBXContainerItemProxy */ = {
			isa = PBXContainerItemProxy;
			containerPortal = 127B3AA21C09FED100FD6E9F /* Project object */;
			proxyType = 1;
			remoteGlobalIDString = 127B3AA91C09FED100FD6E9F;
			remoteInfo = "Course3-Day3";
		};
/* End PBXContainerItemProxy section */

/* Begin PBXFileReference section */
		127B3AAA1C09FED100FD6E9F /* Course3-Day3.app */ = {isa = PBXFileReference; explicitFileType = wrapper.application; includeInIndex = 0; path = "Course3-Day3.app"; sourceTree = BUILT_PRODUCTS_DIR; };
		127B3AAD1C09FED100FD6E9F /* AppDelegate.swift */ = {isa = PBXFileReference; lastKnownFileType = sourcecode.swift; path = AppDelegate.swift; sourceTree = "<group>"; };
		127B3AAF1C09FED100FD6E9F /* MasterViewController.swift */ = {isa = PBXFileReference; lastKnownFileType = sourcecode.swift; path = MasterViewController.swift; sourceTree = "<group>"; };
		127B3AB11C09FED100FD6E9F /* DetailViewController.swift */ = {isa = PBXFileReference; lastKnownFileType = sourcecode.swift; path = DetailViewController.swift; sourceTree = "<group>"; };
		127B3AB41C09FED100FD6E9F /* Base */ = {isa = PBXFileReference; lastKnownFileType = file.storyboard; name = Base; path = Base.lproj/Main.storyboard; sourceTree = "<group>"; };
		127B3AB61C09FED100FD6E9F /* Assets.xcassets */ = {isa = PBXFileReference; lastKnownFileType = folder.assetcatalog; path = Assets.xcassets; sourceTree = "<group>"; };
		127B3AB91C09FED100FD6E9F /* Base */ = {isa = PBXFileReference; lastKnownFileType = file.storyboard; name = Base; path = Base.lproj/LaunchScreen.storyboard; sourceTree = "<group>"; };
		127B3ABB1C09FED100FD6E9F /* Info.plist */ = {isa = PBXFileReference; lastKnownFileType = text.plist.xml; path = Info.plist; sourceTree = "<group>"; };
		127B3AC01C09FED100FD6E9F /* Course3-Day3Tests.xctest */ = {isa = PBXFileReference; explicitFileType = wrapper.cfbundle; includeInIndex = 0; path = "Course3-Day3Tests.xctest"; sourceTree = BUILT_PRODUCTS_DIR; };
		127B3AC41C09FED100FD6E9F /* Course3_Day3Tests.swift */ = {isa = PBXFileReference; lastKnownFileType = sourcecode.swift; path = Course3_Day3Tests.swift; sourceTree = "<group>"; };
		127B3AC61C09FED100FD6E9F /* Info.plist */ = {isa = PBXFileReference; lastKnownFileType = text.plist.xml; path = Info.plist; sourceTree = "<group>"; };
		127B3ACB1C09FED100FD6E9F /* Course3-Day3UITests.xctest */ = {isa = PBXFileReference; explicitFileType = wrapper.cfbundle; includeInIndex = 0; path = "Course3-Day3UITests.xctest"; sourceTree = BUILT_PRODUCTS_DIR; };
		127B3ACF1C09FED100FD6E9F /* Course3_Day3UITests.swift */ = {isa = PBXFileReference; lastKnownFileType = sourcecode.swift; path = Course3_Day3UITests.swift; sourceTree = "<group>"; };
		127B3AD11C09FED100FD6E9F /* Info.plist */ = {isa = PBXFileReference; lastKnownFileType = text.plist.xml; path = Info.plist; sourceTree = "<group>"; };
		127B3ADD1C0A01E200FD6E9F /* dog.jpg */ = {isa = PBXFileReference; lastKnownFileType = image.jpeg; path = dog.jpg; sourceTree = "<group>"; };
		127B3ADF1C0A0DDD00FD6E9F /* VoteCell.swift */ = {isa = PBXFileReference; fileEncoding = 4; lastKnownFileType = sourcecode.swift; path = VoteCell.swift; sourceTree = "<group>"; };
/* End PBXFileReference section */

/* Begin PBXFrameworksBuildPhase section */
		127B3AA71C09FED100FD6E9F /* Frameworks */ = {
			isa = PBXFrameworksBuildPhase;
			buildActionMask = 2147483647;
			files = (
			);
			runOnlyForDeploymentPostprocessing = 0;
		};
		127B3ABD1C09FED100FD6E9F /* Frameworks */ = {
			isa = PBXFrameworksBuildPhase;
			buildActionMask = 2147483647;
			files = (
			);
			runOnlyForDeploymentPostprocessing = 0;
		};
		127B3AC81C09FED100FD6E9F /* Frameworks */ = {
			isa = PBXFrameworksBuildPhase;
			buildActionMask = 2147483647;
			files = (
			);
			runOnlyForDeploymentPostprocessing = 0;
		};
/* End PBXFrameworksBuildPhase section */

/* Begin PBXGroup section */
		127B3AA11C09FED100FD6E9F = {
			isa = PBXGroup;
			children = (
				127B3AAC1C09FED100FD6E9F /* Course3-Day3 */,
				127B3AC31C09FED100FD6E9F /* Course3-Day3Tests */,
				127B3ACE1C09FED100FD6E9F /* Course3-Day3UITests */,
				127B3AAB1C09FED100FD6E9F /* Products */,
			);
			sourceTree = "<group>";
		};
		127B3AAB1C09FED100FD6E9F /* Products */ = {
			isa = PBXGroup;
			children = (
				127B3AAA1C09FED100FD6E9F /* Course3-Day3.app */,
				127B3AC01C09FED100FD6E9F /* Course3-Day3Tests.xctest */,
				127B3ACB1C09FED100FD6E9F /* Course3-Day3UITests.xctest */,
			);
			name = Products;
			sourceTree = "<group>";
		};
		127B3AAC1C09FED100FD6E9F /* Course3-Day3 */ = {
			isa = PBXGroup;
			children = (
				127B3AAD1C09FED100FD6E9F /* AppDelegate.swift */,
				127B3AAF1C09FED100FD6E9F /* MasterViewController.swift */,
				127B3AB11C09FED100FD6E9F /* DetailViewController.swift */,
				127B3AB31C09FED100FD6E9F /* Main.storyboard */,
				127B3ADF1C0A0DDD00FD6E9F /* VoteCell.swift */,
				127B3ADD1C0A01E200FD6E9F /* dog.jpg */,
				127B3AB61C09FED100FD6E9F /* Assets.xcassets */,
				127B3AB81C09FED100FD6E9F /* LaunchScreen.storyboard */,
				127B3ABB1C09FED100FD6E9F /* Info.plist */,
			);
			path = "Course3-Day3";
			sourceTree = "<group>";
		};
		127B3AC31C09FED100FD6E9F /* Course3-Day3Tests */ = {
			isa = PBXGroup;
			children = (
				127B3AC41C09FED100FD6E9F /* Course3_Day3Tests.swift */,
				127B3AC61C09FED100FD6E9F /* Info.plist */,
			);
			path = "Course3-Day3Tests";
			sourceTree = "<group>";
		};
		127B3ACE1C09FED100FD6E9F /* Course3-Day3UITests */ = {
			isa = PBXGroup;
			children = (
				127B3ACF1C09FED100FD6E9F /* Course3_Day3UITests.swift */,
				127B3AD11C09FED100FD6E9F /* Info.plist */,
			);
			path = "Course3-Day3UITests";
			sourceTree = "<group>";
		};
/* End PBXGroup section */

/* Begin PBXNativeTarget section */
		127B3AA91C09FED100FD6E9F /* Course3-Day3 */ = {
			isa = PBXNativeTarget;
			buildConfigurationList = 127B3AD41C09FED100FD6E9F /* Build configuration list for PBXNativeTarget "Course3-Day3" */;
			buildPhases = (
				127B3AA61C09FED100FD6E9F /* Sources */,
				127B3AA71C09FED100FD6E9F /* Frameworks */,
				127B3AA81C09FED100FD6E9F /* Resources */,
			);
			buildRules = (
			);
			dependencies = (
			);
			name = "Course3-Day3";
			productName = "Course3-Day3";
			productReference = 127B3AAA1C09FED100FD6E9F /* Course3-Day3.app */;
			productType = "com.apple.product-type.application";
		};
		127B3ABF1C09FED100FD6E9F /* Course3-Day3Tests */ = {
			isa = PBXNativeTarget;
			buildConfigurationList = 127B3AD71C09FED100FD6E9F /* Build configuration list for PBXNativeTarget "Course3-Day3Tests" */;
			buildPhases = (
				127B3ABC1C09FED100FD6E9F /* Sources */,
				127B3ABD1C09FED100FD6E9F /* Frameworks */,
				127B3ABE1C09FED100FD6E9F /* Resources */,
			);
			buildRules = (
			);
			dependencies = (
				127B3AC21C09FED100FD6E9F /* PBXTargetDependency */,
			);
			name = "Course3-Day3Tests";
			productName = "Course3-Day3Tests";
			productReference = 127B3AC01C09FED100FD6E9F /* Course3-Day3Tests.xctest */;
			productType = "com.apple.product-type.bundle.unit-test";
		};
		127B3ACA1C09FED100FD6E9F /* Course3-Day3UITests */ = {
			isa = PBXNativeTarget;
			buildConfigurationList = 127B3ADA1C09FED100FD6E9F /* Build configuration list for PBXNativeTarget "Course3-Day3UITests" */;
			buildPhases = (
				127B3AC71C09FED100FD6E9F /* Sources */,
				127B3AC81C09FED100FD6E9F /* Frameworks */,
				127B3AC91C09FED100FD6E9F /* Resources */,
			);
			buildRules = (
			);
			dependencies = (
				127B3ACD1C09FED100FD6E9F /* PBXTargetDependency */,
			);
			name = "Course3-Day3UITests";
			productName = "Course3-Day3UITests";
			productReference = 127B3ACB1C09FED100FD6E9F /* Course3-Day3UITests.xctest */;
			productType = "com.apple.product-type.bundle.ui-testing";
		};
/* End PBXNativeTarget section */

/* Begin PBXProject section */
		127B3AA21C09FED100FD6E9F /* Project object */ = {
			isa = PBXProject;
			attributes = {
				LastSwiftUpdateCheck = 0710;
				LastUpgradeCheck = 0710;
				ORGANIZATIONNAME = "iOS Swift Course";
				TargetAttributes = {
					127B3AA91C09FED100FD6E9F = {
						CreatedOnToolsVersion = 7.1.1;
						DevelopmentTeam = A8J6S3WP2B;
					};
					127B3ABF1C09FED100FD6E9F = {
						CreatedOnToolsVersion = 7.1.1;
						DevelopmentTeam = A8J6S3WP2B;
						TestTargetID = 127B3AA91C09FED100FD6E9F;
					};
					127B3ACA1C09FED100FD6E9F = {
						CreatedOnToolsVersion = 7.1.1;
						DevelopmentTeam = A8J6S3WP2B;
						TestTargetID = 127B3AA91C09FED100FD6E9F;
					};
				};
			};
			buildConfigurationList = 127B3AA51C09FED100FD6E9F /* Build configuration list for PBXProject "Course3-Day3" */;
			compatibilityVersion = "Xcode 3.2";
			developmentRegion = English;
			hasScannedForEncodings = 0;
			knownRegions = (
				en,
				Base,
			);
			mainGroup = 127B3AA11C09FED100FD6E9F;
			productRefGroup = 127B3AAB1C09FED100FD6E9F /* Products */;
			projectDirPath = "";
			projectRoot = "";
			targets = (
				127B3AA91C09FED100FD6E9F /* Course3-Day3 */,
				127B3ABF1C09FED100FD6E9F /* Course3-Day3Tests */,
				127B3ACA1C09FED100FD6E9F /* Course3-Day3UITests */,
			);
		};
/* End PBXProject section */

/* Begin PBXResourcesBuildPhase section */
		127B3AA81C09FED100FD6E9F /* Resources */ = {
			isa = PBXResourcesBuildPhase;
			buildActionMask = 2147483647;
			files = (
				127B3ADE1C0A01E200FD6E9F /* dog.jpg in Resources */,
				127B3ABA1C09FED100FD6E9F /* LaunchScreen.storyboard in Resources */,
				127B3AB71C09FED100FD6E9F /* Assets.xcassets in Resources */,
				127B3AB51C09FED100FD6E9F /* Main.storyboard in Resources */,
			);
			runOnlyForDeploymentPostprocessing = 0;
		};
		127B3ABE1C09FED100FD6E9F /* Resources */ = {
			isa = PBXResourcesBuildPhase;
			buildActionMask = 2147483647;
			files = (
			);
			runOnlyForDeploymentPostprocessing = 0;
		};
		127B3AC91C09FED100FD6E9F /* Resources */ = {
			isa = PBXResourcesBuildPhase;
			buildActionMask = 2147483647;
			files = (
			);
			runOnlyForDeploymentPostprocessing = 0;
		};
/* End PBXResourcesBuildPhase section */

/* Begin PBXSourcesBuildPhase section */
		127B3AA61C09FED100FD6E9F /* Sources */ = {
			isa = PBXSourcesBuildPhase;
			buildActionMask = 2147483647;
			files = (
				127B3AB21C09FED100FD6E9F /* DetailViewController.swift in Sources */,
				127B3AB01C09FED100FD6E9F /* MasterViewController.swift in Sources */,
				127B3AAE1C09FED100FD6E9F /* AppDelegate.swift in Sources */,
				127B3AE01C0A0DDD00FD6E9F /* VoteCell.swift in Sources */,
			);
			runOnlyForDeploymentPostprocessing = 0;
		};
		127B3ABC1C09FED100FD6E9F /* Sources */ = {
			isa = PBXSourcesBuildPhase;
			buildActionMask = 2147483647;
			files = (
				127B3AC51C09FED100FD6E9F /* Course3_Day3Tests.swift in Sources */,
			);
			runOnlyForDeploymentPostprocessing = 0;
		};
		127B3AC71C09FED100FD6E9F /* Sources */ = {
			isa = PBXSourcesBuildPhase;
			buildActionMask = 2147483647;
			files = (
				127B3AD01C09FED100FD6E9F /* Course3_Day3UITests.swift in Sources */,
			);
			runOnlyForDeploymentPostprocessing = 0;
		};
/* End PBXSourcesBuildPhase section */

/* Begin PBXTargetDependency section */
		127B3AC21C09FED100FD6E9F /* PBXTargetDependency */ = {
			isa = PBXTargetDependency;
			target = 127B3AA91C09FED100FD6E9F /* Course3-Day3 */;
			targetProxy = 127B3AC11C09FED100FD6E9F /* PBXContainerItemProxy */;
		};
		127B3ACD1C09FED100FD6E9F /* PBXTargetDependency */ = {
			isa = PBXTargetDependency;
			target = 127B3AA91C09FED100FD6E9F /* Course3-Day3 */;
			targetProxy = 127B3ACC1C09FED100FD6E9F /* PBXContainerItemProxy */;
		};
/* End PBXTargetDependency section */

/* Begin PBXVariantGroup section */
		127B3AB31C09FED100FD6E9F /* Main.storyboard */ = {
			isa = PBXVariantGroup;
			children = (
				127B3AB41C09FED100FD6E9F /* Base */,
			);
			name = Main.storyboard;
			sourceTree = "<group>";
		};
		127B3AB81C09FED100FD6E9F /* LaunchScreen.storyboard */ = {
			isa = PBXVariantGroup;
			children = (
				127B3AB91C09FED100FD6E9F /* Base */,
			);
			name = LaunchScreen.storyboard;
			sourceTree = "<group>";
		};
/* End PBXVariantGroup section */

/* Begin XCBuildConfiguration section */
		127B3AD21C09FED100FD6E9F /* Debug */ = {
			isa = XCBuildConfiguration;
			buildSettings = {
				ALWAYS_SEARCH_USER_PATHS = NO;
				CLANG_CXX_LANGUAGE_STANDARD = "gnu++0x";
				CLANG_CXX_LIBRARY = "libc++";
				CLANG_ENABLE_MODULES = YES;
				CLANG_ENABLE_OBJC_ARC = YES;
				CLANG_WARN_BOOL_CONVERSION = YES;
				CLANG_WARN_CONSTANT_CONVERSION = YES;
				CLANG_WARN_DIRECT_OBJC_ISA_USAGE = YES_ERROR;
				CLANG_WARN_EMPTY_BODY = YES;
				CLANG_WARN_ENUM_CONVERSION = YES;
				CLANG_WARN_INT_CONVERSION = YES;
				CLANG_WARN_OBJC_ROOT_CLASS = YES_ERROR;
				CLANG_WARN_UNREACHABLE_CODE = YES;
				CLANG_WARN__DUPLICATE_METHOD_MATCH = YES;
				"CODE_SIGN_IDENTITY[sdk=iphoneos*]" = "iPhone Developer";
				COPY_PHASE_STRIP = NO;
				DEBUG_INFORMATION_FORMAT = dwarf;
				ENABLE_STRICT_OBJC_MSGSEND = YES;
				ENABLE_TESTABILITY = YES;
				GCC_C_LANGUAGE_STANDARD = gnu99;
				GCC_DYNAMIC_NO_PIC = NO;
				GCC_NO_COMMON_BLOCKS = YES;
				GCC_OPTIMIZATION_LEVEL = 0;
				GCC_PREPROCESSOR_DEFINITIONS = (
					"DEBUG=1",
					"$(inherited)",
				);
				GCC_WARN_64_TO_32_BIT_CONVERSION = YES;
				GCC_WARN_ABOUT_RETURN_TYPE = YES_ERROR;
				GCC_WARN_UNDECLARED_SELECTOR = YES;
				GCC_WARN_UNINITIALIZED_AUTOS = YES_AGGRESSIVE;
				GCC_WARN_UNUSED_FUNCTION = YES;
				GCC_WARN_UNUSED_VARIABLE = YES;
				IPHONEOS_DEPLOYMENT_TARGET = 9.1;
				MTL_ENABLE_DEBUG_INFO = YES;
				ONLY_ACTIVE_ARCH = YES;
				SDKROOT = iphoneos;
				SWIFT_OPTIMIZATION_LEVEL = "-Onone";
				TARGETED_DEVICE_FAMILY = "1,2";
			};
			name = Debug;
		};
		127B3AD31C09FED100FD6E9F /* Release */ = {
			isa = XCBuildConfiguration;
			buildSettings = {
				ALWAYS_SEARCH_USER_PATHS = NO;
				CLANG_CXX_LANGUAGE_STANDARD = "gnu++0x";
				CLANG_CXX_LIBRARY = "libc++";
				CLANG_ENABLE_MODULES = YES;
				CLANG_ENABLE_OBJC_ARC = YES;
				CLANG_WARN_BOOL_CONVERSION = YES;
				CLANG_WARN_CONSTANT_CONVERSION = YES;
				CLANG_WARN_DIRECT_OBJC_ISA_USAGE = YES_ERROR;
				CLANG_WARN_EMPTY_BODY = YES;
				CLANG_WARN_ENUM_CONVERSION = YES;
				CLANG_WARN_INT_CONVERSION = YES;
				CLANG_WARN_OBJC_ROOT_CLASS = YES_ERROR;
				CLANG_WARN_UNREACHABLE_CODE = YES;
				CLANG_WARN__DUPLICATE_METHOD_MATCH = YES;
				"CODE_SIGN_IDENTITY[sdk=iphoneos*]" = "iPhone Developer";
				COPY_PHASE_STRIP = NO;
				DEBUG_INFORMATION_FORMAT = "dwarf-with-dsym";
				ENABLE_NS_ASSERTIONS = NO;
				ENABLE_STRICT_OBJC_MSGSEND = YES;
				GCC_C_LANGUAGE_STANDARD = gnu99;
				GCC_NO_COMMON_BLOCKS = YES;
				GCC_WARN_64_TO_32_BIT_CONVERSION = YES;
				GCC_WARN_ABOUT_RETURN_TYPE = YES_ERROR;
				GCC_WARN_UNDECLARED_SELECTOR = YES;
				GCC_WARN_UNINITIALIZED_AUTOS = YES_AGGRESSIVE;
				GCC_WARN_UNUSED_FUNCTION = YES;
				GCC_WARN_UNUSED_VARIABLE = YES;
				IPHONEOS_DEPLOYMENT_TARGET = 9.1;
				MTL_ENABLE_DEBUG_INFO = NO;
				SDKROOT = iphoneos;
				TARGETED_DEVICE_FAMILY = "1,2";
				VALIDATE_PRODUCT = YES;
			};
			name = Release;
		};
		127B3AD51C09FED100FD6E9F /* Debug */ = {
			isa = XCBuildConfiguration;
			buildSettings = {
				ASSETCATALOG_COMPILER_APPICON_NAME = AppIcon;
				INFOPLIST_FILE = "Course3-Day3/Info.plist";
				LD_RUNPATH_SEARCH_PATHS = "$(inherited) @executable_path/Frameworks";
				PRODUCT_BUNDLE_IDENTIFIER = "com.ilyan.test.Course3-Day3";
				PRODUCT_NAME = "$(TARGET_NAME)";
			};
			name = Debug;
		};
		127B3AD61C09FED100FD6E9F /* Release */ = {
			isa = XCBuildConfiguration;
			buildSettings = {
				ASSETCATALOG_COMPILER_APPICON_NAME = AppIcon;
				INFOPLIST_FILE = "Course3-Day3/Info.plist";
				LD_RUNPATH_SEARCH_PATHS = "$(inherited) @executable_path/Frameworks";
				PRODUCT_BUNDLE_IDENTIFIER = "com.ilyan.test.Course3-Day3";
				PRODUCT_NAME = "$(TARGET_NAME)";
			};
			name = Release;
		};
		127B3AD81C09FED100FD6E9F /* Debug */ = {
			isa = XCBuildConfiguration;
			buildSettings = {
				BUNDLE_LOADER = "$(TEST_HOST)";
				INFOPLIST_FILE = "Course3-Day3Tests/Info.plist";
				LD_RUNPATH_SEARCH_PATHS = "$(inherited) @executable_path/Frameworks @loader_path/Frameworks";
				PRODUCT_BUNDLE_IDENTIFIER = "com.ilyan.test.Course3-Day3Tests";
				PRODUCT_NAME = "$(TARGET_NAME)";
				TEST_HOST = "$(BUILT_PRODUCTS_DIR)/Course3-Day3.app/Course3-Day3";
			};
			name = Debug;
		};
		127B3AD91C09FED100FD6E9F /* Release */ = {
			isa = XCBuildConfiguration;
			buildSettings = {
				BUNDLE_LOADER = "$(TEST_HOST)";
				INFOPLIST_FILE = "Course3-Day3Tests/Info.plist";
				LD_RUNPATH_SEARCH_PATHS = "$(inherited) @executable_path/Frameworks @loader_path/Frameworks";
				PRODUCT_BUNDLE_IDENTIFIER = "com.ilyan.test.Course3-Day3Tests";
				PRODUCT_NAME = "$(TARGET_NAME)";
				TEST_HOST = "$(BUILT_PRODUCTS_DIR)/Course3-Day3.app/Course3-Day3";
			};
			name = Release;
		};
		127B3ADB1C09FED100FD6E9F /* Debug */ = {
			isa = XCBuildConfiguration;
			buildSettings = {
				INFOPLIST_FILE = "Course3-Day3UITests/Info.plist";
				LD_RUNPATH_SEARCH_PATHS = "$(inherited) @executable_path/Frameworks @loader_path/Frameworks";
				PRODUCT_BUNDLE_IDENTIFIER = "com.ilyan.test.Course3-Day3UITests";
				PRODUCT_NAME = "$(TARGET_NAME)";
				TEST_TARGET_NAME = "Course3-Day3";
				USES_XCTRUNNER = YES;
			};
			name = Debug;
		};
		127B3ADC1C09FED100FD6E9F /* Release */ = {
			isa = XCBuildConfiguration;
			buildSettings = {
				INFOPLIST_FILE = "Course3-Day3UITests/Info.plist";
				LD_RUNPATH_SEARCH_PATHS = "$(inherited) @executable_path/Frameworks @loader_path/Frameworks";
				PRODUCT_BUNDLE_IDENTIFIER = "com.ilyan.test.Course3-Day3UITests";
				PRODUCT_NAME = "$(TARGET_NAME)";
				TEST_TARGET_NAME = "Course3-Day3";
				USES_XCTRUNNER = YES;
			};
			name = Release;
		};
/* End XCBuildConfiguration section */

/* Begin XCConfigurationList section */
		127B3AA51C09FED100FD6E9F /* Build configuration list for PBXProject "Course3-Day3" */ = {
			isa = XCConfigurationList;
			buildConfigurations = (
				127B3AD21C09FED100FD6E9F /* Debug */,
				127B3AD31C09FED100FD6E9F /* Release */,
			);
			defaultConfigurationIsVisible = 0;
			defaultConfigurationName = Release;
		};
		127B3AD41C09FED100FD6E9F /* Build configuration list for PBXNativeTarget "Course3-Day3" */ = {
			isa = XCConfigurationList;
			buildConfigurations = (
				127B3AD51C09FED100FD6E9F /* Debug */,
				127B3AD61C09FED100FD6E9F /* Release */,
			);
			defaultConfigurationIsVisible = 0;
		};
		127B3AD71C09FED100FD6E9F /* Build configuration list for PBXNativeTarget "Course3-Day3Tests" */ = {
			isa = XCConfigurationList;
			buildConfigurations = (
				127B3AD81C09FED100FD6E9F /* Debug */,
				127B3AD91C09FED100FD6E9F /* Release */,
			);
			defaultConfigurationIsVisible = 0;
		};
		127B3ADA1C09FED100FD6E9F /* Build configuration list for PBXNativeTarget "Course3-Day3UITests" */ = {
			isa = XCConfigurationList;
			buildConfigurations = (
				127B3ADB1C09FED100FD6E9F /* Debug */,
				127B3ADC1C09FED100FD6E9F /* Release */,
			);
			defaultConfigurationIsVisible = 0;
		};
/* End XCConfigurationList section */
	};
	rootObject = 127B3AA21C09FED100FD6E9F /* Project object */;
}
