// !$*UTF8*$!
{
	archiveVersion = 1;
	classes = {
	};
	objectVersion = 46;
	objects = {

/* Begin PBXBuildFile section */
		12D22F151B9C65D200C31761 /* AppDelegate.swift in Sources */ = {isa = PBXBuildFile; fileRef = 12D22F141B9C65D200C31761 /* AppDelegate.swift */; };
		12D22F171B9C65D200C31761 /* FirstViewController.swift in Sources */ = {isa = PBXBuildFile; fileRef = 12D22F161B9C65D200C31761 /* FirstViewController.swift */; };
		12D22F191B9C65D200C31761 /* SecondViewController.swift in Sources */ = {isa = PBXBuildFile; fileRef = 12D22F181B9C65D200C31761 /* SecondViewController.swift */; };
		12D22F1C1B9C65D200C31761 /* Main.storyboard in Resources */ = {isa = PBXBuildFile; fileRef = 12D22F1A1B9C65D200C31761 /* Main.storyboard */; };
		12D22F1E1B9C65D200C31761 /* Assets.xcassets in Resources */ = {isa = PBXBuildFile; fileRef = 12D22F1D1B9C65D200C31761 /* Assets.xcassets */; };
		12D22F211B9C65D200C31761 /* LaunchScreen.storyboard in Resources */ = {isa = PBXBuildFile; fileRef = 12D22F1F1B9C65D200C31761 /* LaunchScreen.storyboard */; };
		12D22F2C1B9C65D200C31761 /* tabTestTests.swift in Sources */ = {isa = PBXBuildFile; fileRef = 12D22F2B1B9C65D200C31761 /* tabTestTests.swift */; };
		12D22F371B9C65D200C31761 /* tabTestUITests.swift in Sources */ = {isa = PBXBuildFile; fileRef = 12D22F361B9C65D200C31761 /* tabTestUITests.swift */; };
/* End PBXBuildFile section */

/* Begin PBXContainerItemProxy section */
		12D22F281B9C65D200C31761 /* PBXContainerItemProxy */ = {
			isa = PBXContainerItemProxy;
			containerPortal = 12D22F091B9C65D200C31761 /* Project object */;
			proxyType = 1;
			remoteGlobalIDString = 12D22F101B9C65D200C31761;
			remoteInfo = tabTest;
		};
		12D22F331B9C65D200C31761 /* PBXContainerItemProxy */ = {
			isa = PBXContainerItemProxy;
			containerPortal = 12D22F091B9C65D200C31761 /* Project object */;
			proxyType = 1;
			remoteGlobalIDString = 12D22F101B9C65D200C31761;
			remoteInfo = tabTest;
		};
/* End PBXContainerItemProxy section */

/* Begin PBXFileReference section */
		12D22F111B9C65D200C31761 /* tabTest.app */ = {isa = PBXFileReference; explicitFileType = wrapper.application; includeInIndex = 0; path = tabTest.app; sourceTree = BUILT_PRODUCTS_DIR; };
		12D22F141B9C65D200C31761 /* AppDelegate.swift */ = {isa = PBXFileReference; lastKnownFileType = sourcecode.swift; path = AppDelegate.swift; sourceTree = "<group>"; };
		12D22F161B9C65D200C31761 /* FirstViewController.swift */ = {isa = PBXFileReference; lastKnownFileType = sourcecode.swift; path = FirstViewController.swift; sourceTree = "<group>"; };
		12D22F181B9C65D200C31761 /* SecondViewController.swift */ = {isa = PBXFileReference; lastKnownFileType = sourcecode.swift; path = SecondViewController.swift; sourceTree = "<group>"; };
		12D22F1B1B9C65D200C31761 /* Base */ = {isa = PBXFileReference; lastKnownFileType = file.storyboard; name = Base; path = Base.lproj/Main.storyboard; sourceTree = "<group>"; };
		12D22F1D1B9C65D200C31761 /* Assets.xcassets */ = {isa = PBXFileReference; lastKnownFileType = folder.assetcatalog; path = Assets.xcassets; sourceTree = "<group>"; };
		12D22F201B9C65D200C31761 /* Base */ = {isa = PBXFileReference; lastKnownFileType = file.storyboard; name = Base; path = Base.lproj/LaunchScreen.storyboard; sourceTree = "<group>"; };
		12D22F221B9C65D200C31761 /* Info.plist */ = {isa = PBXFileReference; lastKnownFileType = text.plist.xml; path = Info.plist; sourceTree = "<group>"; };
		12D22F271B9C65D200C31761 /* tabTestTests.xctest */ = {isa = PBXFileReference; explicitFileType = wrapper.cfbundle; includeInIndex = 0; path = tabTestTests.xctest; sourceTree = BUILT_PRODUCTS_DIR; };
		12D22F2B1B9C65D200C31761 /* tabTestTests.swift */ = {isa = PBXFileReference; lastKnownFileType = sourcecode.swift; path = tabTestTests.swift; sourceTree = "<group>"; };
		12D22F2D1B9C65D200C31761 /* Info.plist */ = {isa = PBXFileReference; lastKnownFileType = text.plist.xml; path = Info.plist; sourceTree = "<group>"; };
		12D22F321B9C65D200C31761 /* tabTestUITests.xctest */ = {isa = PBXFileReference; explicitFileType = wrapper.cfbundle; includeInIndex = 0; path = tabTestUITests.xctest; sourceTree = BUILT_PRODUCTS_DIR; };
		12D22F361B9C65D200C31761 /* tabTestUITests.swift */ = {isa = PBXFileReference; lastKnownFileType = sourcecode.swift; path = tabTestUITests.swift; sourceTree = "<group>"; };
		12D22F381B9C65D200C31761 /* Info.plist */ = {isa = PBXFileReference; lastKnownFileType = text.plist.xml; path = Info.plist; sourceTree = "<group>"; };
/* End PBXFileReference section */

/* Begin PBXFrameworksBuildPhase section */
		12D22F0E1B9C65D200C31761 /* Frameworks */ = {
			isa = PBXFrameworksBuildPhase;
			buildActionMask = 2147483647;
			files = (
			);
			runOnlyForDeploymentPostprocessing = 0;
		};
		12D22F241B9C65D200C31761 /* Frameworks */ = {
			isa = PBXFrameworksBuildPhase;
			buildActionMask = 2147483647;
			files = (
			);
			runOnlyForDeploymentPostprocessing = 0;
		};
		12D22F2F1B9C65D200C31761 /* Frameworks */ = {
			isa = PBXFrameworksBuildPhase;
			buildActionMask = 2147483647;
			files = (
			);
			runOnlyForDeploymentPostprocessing = 0;
		};
/* End PBXFrameworksBuildPhase section */

/* Begin PBXGroup section */
		12D22F081B9C65D200C31761 = {
			isa = PBXGroup;
			children = (
				12D22F131B9C65D200C31761 /* tabTest */,
				12D22F2A1B9C65D200C31761 /* tabTestTests */,
				12D22F351B9C65D200C31761 /* tabTestUITests */,
				12D22F121B9C65D200C31761 /* Products */,
			);
			sourceTree = "<group>";
		};
		12D22F121B9C65D200C31761 /* Products */ = {
			isa = PBXGroup;
			children = (
				12D22F111B9C65D200C31761 /* tabTest.app */,
				12D22F271B9C65D200C31761 /* tabTestTests.xctest */,
				12D22F321B9C65D200C31761 /* tabTestUITests.xctest */,
			);
			name = Products;
			sourceTree = "<group>";
		};
		12D22F131B9C65D200C31761 /* tabTest */ = {
			isa = PBXGroup;
			children = (
				12D22F141B9C65D200C31761 /* AppDelegate.swift */,
				12D22F161B9C65D200C31761 /* FirstViewController.swift */,
				12D22F181B9C65D200C31761 /* SecondViewController.swift */,
				12D22F1A1B9C65D200C31761 /* Main.storyboard */,
				12D22F1D1B9C65D200C31761 /* Assets.xcassets */,
				12D22F1F1B9C65D200C31761 /* LaunchScreen.storyboard */,
				12D22F221B9C65D200C31761 /* Info.plist */,
			);
			path = tabTest;
			sourceTree = "<group>";
		};
		12D22F2A1B9C65D200C31761 /* tabTestTests */ = {
			isa = PBXGroup;
			children = (
				12D22F2B1B9C65D200C31761 /* tabTestTests.swift */,
				12D22F2D1B9C65D200C31761 /* Info.plist */,
			);
			path = tabTestTests;
			sourceTree = "<group>";
		};
		12D22F351B9C65D200C31761 /* tabTestUITests */ = {
			isa = PBXGroup;
			children = (
				12D22F361B9C65D200C31761 /* tabTestUITests.swift */,
				12D22F381B9C65D200C31761 /* Info.plist */,
			);
			path = tabTestUITests;
			sourceTree = "<group>";
		};
/* End PBXGroup section */

/* Begin PBXNativeTarget section */
		12D22F101B9C65D200C31761 /* tabTest */ = {
			isa = PBXNativeTarget;
			buildConfigurationList = 12D22F3B1B9C65D200C31761 /* Build configuration list for PBXNativeTarget "tabTest" */;
			buildPhases = (
				12D22F0D1B9C65D200C31761 /* Sources */,
				12D22F0E1B9C65D200C31761 /* Frameworks */,
				12D22F0F1B9C65D200C31761 /* Resources */,
			);
			buildRules = (
			);
			dependencies = (
			);
			name = tabTest;
			productName = tabTest;
			productReference = 12D22F111B9C65D200C31761 /* tabTest.app */;
			productType = "com.apple.product-type.application";
		};
		12D22F261B9C65D200C31761 /* tabTestTests */ = {
			isa = PBXNativeTarget;
			buildConfigurationList = 12D22F3E1B9C65D200C31761 /* Build configuration list for PBXNativeTarget "tabTestTests" */;
			buildPhases = (
				12D22F231B9C65D200C31761 /* Sources */,
				12D22F241B9C65D200C31761 /* Frameworks */,
				12D22F251B9C65D200C31761 /* Resources */,
			);
			buildRules = (
			);
			dependencies = (
				12D22F291B9C65D200C31761 /* PBXTargetDependency */,
			);
			name = tabTestTests;
			productName = tabTestTests;
			productReference = 12D22F271B9C65D200C31761 /* tabTestTests.xctest */;
			productType = "com.apple.product-type.bundle.unit-test";
		};
		12D22F311B9C65D200C31761 /* tabTestUITests */ = {
			isa = PBXNativeTarget;
			buildConfigurationList = 12D22F411B9C65D200C31761 /* Build configuration list for PBXNativeTarget "tabTestUITests" */;
			buildPhases = (
				12D22F2E1B9C65D200C31761 /* Sources */,
				12D22F2F1B9C65D200C31761 /* Frameworks */,
				12D22F301B9C65D200C31761 /* Resources */,
			);
			buildRules = (
			);
			dependencies = (
				12D22F341B9C65D200C31761 /* PBXTargetDependency */,
			);
			name = tabTestUITests;
			productName = tabTestUITests;
			productReference = 12D22F321B9C65D200C31761 /* tabTestUITests.xctest */;
			productType = "com.apple.product-type.bundle.ui-testing";
		};
/* End PBXNativeTarget section */

/* Begin PBXProject section */
		12D22F091B9C65D200C31761 /* Project object */ = {
			isa = PBXProject;
			attributes = {
				LastUpgradeCheck = 0700;
				ORGANIZATIONNAME = "iOS Swift Course";
				TargetAttributes = {
					12D22F101B9C65D200C31761 = {
						CreatedOnToolsVersion = 7.0;
						DevelopmentTeam = A8J6S3WP2B;
					};
					12D22F261B9C65D200C31761 = {
						CreatedOnToolsVersion = 7.0;
						DevelopmentTeam = A8J6S3WP2B;
						TestTargetID = 12D22F101B9C65D200C31761;
					};
					12D22F311B9C65D200C31761 = {
						CreatedOnToolsVersion = 7.0;
						DevelopmentTeam = A8J6S3WP2B;
						TestTargetID = 12D22F101B9C65D200C31761;
					};
				};
			};
			buildConfigurationList = 12D22F0C1B9C65D200C31761 /* Build configuration list for PBXProject "tabTest" */;
			compatibilityVersion = "Xcode 3.2";
			developmentRegion = English;
			hasScannedForEncodings = 0;
			knownRegions = (
				en,
				Base,
			);
			mainGroup = 12D22F081B9C65D200C31761;
			productRefGroup = 12D22F121B9C65D200C31761 /* Products */;
			projectDirPath = "";
			projectRoot = "";
			targets = (
				12D22F101B9C65D200C31761 /* tabTest */,
				12D22F261B9C65D200C31761 /* tabTestTests */,
				12D22F311B9C65D200C31761 /* tabTestUITests */,
			);
		};
/* End PBXProject section */

/* Begin PBXResourcesBuildPhase section */
		12D22F0F1B9C65D200C31761 /* Resources */ = {
			isa = PBXResourcesBuildPhase;
			buildActionMask = 2147483647;
			files = (
				12D22F211B9C65D200C31761 /* LaunchScreen.storyboard in Resources */,
				12D22F1E1B9C65D200C31761 /* Assets.xcassets in Resources */,
				12D22F1C1B9C65D200C31761 /* Main.storyboard in Resources */,
			);
			runOnlyForDeploymentPostprocessing = 0;
		};
		12D22F251B9C65D200C31761 /* Resources */ = {
			isa = PBXResourcesBuildPhase;
			buildActionMask = 2147483647;
			files = (
			);
			runOnlyForDeploymentPostprocessing = 0;
		};
		12D22F301B9C65D200C31761 /* Resources */ = {
			isa = PBXResourcesBuildPhase;
			buildActionMask = 2147483647;
			files = (
			);
			runOnlyForDeploymentPostprocessing = 0;
		};
/* End PBXResourcesBuildPhase section */

/* Begin PBXSourcesBuildPhase section */
		12D22F0D1B9C65D200C31761 /* Sources */ = {
			isa = PBXSourcesBuildPhase;
			buildActionMask = 2147483647;
			files = (
				12D22F191B9C65D200C31761 /* SecondViewController.swift in Sources */,
				12D22F151B9C65D200C31761 /* AppDelegate.swift in Sources */,
				12D22F171B9C65D200C31761 /* FirstViewController.swift in Sources */,
			);
			runOnlyForDeploymentPostprocessing = 0;
		};
		12D22F231B9C65D200C31761 /* Sources */ = {
			isa = PBXSourcesBuildPhase;
			buildActionMask = 2147483647;
			files = (
				12D22F2C1B9C65D200C31761 /* tabTestTests.swift in Sources */,
			);
			runOnlyForDeploymentPostprocessing = 0;
		};
		12D22F2E1B9C65D200C31761 /* Sources */ = {
			isa = PBXSourcesBuildPhase;
			buildActionMask = 2147483647;
			files = (
				12D22F371B9C65D200C31761 /* tabTestUITests.swift in Sources */,
			);
			runOnlyForDeploymentPostprocessing = 0;
		};
/* End PBXSourcesBuildPhase section */

/* Begin PBXTargetDependency section */
		12D22F291B9C65D200C31761 /* PBXTargetDependency */ = {
			isa = PBXTargetDependency;
			target = 12D22F101B9C65D200C31761 /* tabTest */;
			targetProxy = 12D22F281B9C65D200C31761 /* PBXContainerItemProxy */;
		};
		12D22F341B9C65D200C31761 /* PBXTargetDependency */ = {
			isa = PBXTargetDependency;
			target = 12D22F101B9C65D200C31761 /* tabTest */;
			targetProxy = 12D22F331B9C65D200C31761 /* PBXContainerItemProxy */;
		};
/* End PBXTargetDependency section */

/* Begin PBXVariantGroup section */
		12D22F1A1B9C65D200C31761 /* Main.storyboard */ = {
			isa = PBXVariantGroup;
			children = (
				12D22F1B1B9C65D200C31761 /* Base */,
			);
			name = Main.storyboard;
			sourceTree = "<group>";
		};
		12D22F1F1B9C65D200C31761 /* LaunchScreen.storyboard */ = {
			isa = PBXVariantGroup;
			children = (
				12D22F201B9C65D200C31761 /* Base */,
			);
			name = LaunchScreen.storyboard;
			sourceTree = "<group>";
		};
/* End PBXVariantGroup section */

/* Begin XCBuildConfiguration section */
		12D22F391B9C65D200C31761 /* Debug */ = {
			isa = XCBuildConfiguration;
			buildSettings = {
				ALWAYS_SEARCH_USER_PATHS = NO;
				CLANG_CXX_LANGUAGE_STANDARD = "gnu++0x";
				CLANG_CXX_LIBRARY = "libc++";
				CLANG_ENABLE_MODULES = YES;
				CLANG_ENABLE_OBJC_ARC = YES;
				CLANG_WARN_BOOL_CONVERSION = YES;
				CLANG_WARN_CONSTANT_CONVERSION = YES;
				CLANG_WARN_DIRECT_OBJC_ISA_USAGE = YES_ERROR;
				CLANG_WARN_EMPTY_BODY = YES;
				CLANG_WARN_ENUM_CONVERSION = YES;
				CLANG_WARN_INT_CONVERSION = YES;
				CLANG_WARN_OBJC_ROOT_CLASS = YES_ERROR;
				CLANG_WARN_UNREACHABLE_CODE = YES;
				CLANG_WARN__DUPLICATE_METHOD_MATCH = YES;
				"CODE_SIGN_IDENTITY[sdk=iphoneos*]" = "iPhone Developer";
				COPY_PHASE_STRIP = NO;
				DEBUG_INFORMATION_FORMAT = dwarf;
				ENABLE_STRICT_OBJC_MSGSEND = YES;
				ENABLE_TESTABILITY = YES;
				GCC_C_LANGUAGE_STANDARD = gnu99;
				GCC_DYNAMIC_NO_PIC = NO;
				GCC_NO_COMMON_BLOCKS = YES;
				GCC_OPTIMIZATION_LEVEL = 0;
				GCC_PREPROCESSOR_DEFINITIONS = (
					"DEBUG=1",
					"$(inherited)",
				);
				GCC_WARN_64_TO_32_BIT_CONVERSION = YES;
				GCC_WARN_ABOUT_RETURN_TYPE = YES_ERROR;
				GCC_WARN_UNDECLARED_SELECTOR = YES;
				GCC_WARN_UNINITIALIZED_AUTOS = YES_AGGRESSIVE;
				GCC_WARN_UNUSED_FUNCTION = YES;
				GCC_WARN_UNUSED_VARIABLE = YES;
				IPHONEOS_DEPLOYMENT_TARGET = 9.0;
				MTL_ENABLE_DEBUG_INFO = YES;
				ONLY_ACTIVE_ARCH = YES;
				SDKROOT = iphoneos;
				SWIFT_OPTIMIZATION_LEVEL = "-Onone";
				TARGETED_DEVICE_FAMILY = "1,2";
			};
			name = Debug;
		};
		12D22F3A1B9C65D200C31761 /* Release */ = {
			isa = XCBuildConfiguration;
			buildSettings = {
				ALWAYS_SEARCH_USER_PATHS = NO;
				CLANG_CXX_LANGUAGE_STANDARD = "gnu++0x";
				CLANG_CXX_LIBRARY = "libc++";
				CLANG_ENABLE_MODULES = YES;
				CLANG_ENABLE_OBJC_ARC = YES;
				CLANG_WARN_BOOL_CONVERSION = YES;
				CLANG_WARN_CONSTANT_CONVERSION = YES;
				CLANG_WARN_DIRECT_OBJC_ISA_USAGE = YES_ERROR;
				CLANG_WARN_EMPTY_BODY = YES;
				CLANG_WARN_ENUM_CONVERSION = YES;
				CLANG_WARN_INT_CONVERSION = YES;
				CLANG_WARN_OBJC_ROOT_CLASS = YES_ERROR;
				CLANG_WARN_UNREACHABLE_CODE = YES;
				CLANG_WARN__DUPLICATE_METHOD_MATCH = YES;
				"CODE_SIGN_IDENTITY[sdk=iphoneos*]" = "iPhone Developer";
				COPY_PHASE_STRIP = NO;
				DEBUG_INFORMATION_FORMAT = "dwarf-with-dsym";
				ENABLE_NS_ASSERTIONS = NO;
				ENABLE_STRICT_OBJC_MSGSEND = YES;
				GCC_C_LANGUAGE_STANDARD = gnu99;
				GCC_NO_COMMON_BLOCKS = YES;
				GCC_WARN_64_TO_32_BIT_CONVERSION = YES;
				GCC_WARN_ABOUT_RETURN_TYPE = YES_ERROR;
				GCC_WARN_UNDECLARED_SELECTOR = YES;
				GCC_WARN_UNINITIALIZED_AUTOS = YES_AGGRESSIVE;
				GCC_WARN_UNUSED_FUNCTION = YES;
				GCC_WARN_UNUSED_VARIABLE = YES;
				IPHONEOS_DEPLOYMENT_TARGET = 9.0;
				MTL_ENABLE_DEBUG_INFO = NO;
				SDKROOT = iphoneos;
				TARGETED_DEVICE_FAMILY = "1,2";
				VALIDATE_PRODUCT = YES;
			};
			name = Release;
		};
		12D22F3C1B9C65D200C31761 /* Debug */ = {
			isa = XCBuildConfiguration;
			buildSettings = {
				ASSETCATALOG_COMPILER_APPICON_NAME = AppIcon;
				INFOPLIST_FILE = tabTest/Info.plist;
				LD_RUNPATH_SEARCH_PATHS = "$(inherited) @executable_path/Frameworks";
				PRODUCT_BUNDLE_IDENTIFIER = com.ilyan.test.tabTest;
				PRODUCT_NAME = "$(TARGET_NAME)";
			};
			name = Debug;
		};
		12D22F3D1B9C65D200C31761 /* Release */ = {
			isa = XCBuildConfiguration;
			buildSettings = {
				ASSETCATALOG_COMPILER_APPICON_NAME = AppIcon;
				INFOPLIST_FILE = tabTest/Info.plist;
				LD_RUNPATH_SEARCH_PATHS = "$(inherited) @executable_path/Frameworks";
				PRODUCT_BUNDLE_IDENTIFIER = com.ilyan.test.tabTest;
				PRODUCT_NAME = "$(TARGET_NAME)";
			};
			name = Release;
		};
		12D22F3F1B9C65D200C31761 /* Debug */ = {
			isa = XCBuildConfiguration;
			buildSettings = {
				BUNDLE_LOADER = "$(TEST_HOST)";
				INFOPLIST_FILE = tabTestTests/Info.plist;
				LD_RUNPATH_SEARCH_PATHS = "$(inherited) @executable_path/Frameworks @loader_path/Frameworks";
				PRODUCT_BUNDLE_IDENTIFIER = com.ilyan.test.tabTestTests;
				PRODUCT_NAME = "$(TARGET_NAME)";
				TEST_HOST = "$(BUILT_PRODUCTS_DIR)/tabTest.app/tabTest";
			};
			name = Debug;
		};
		12D22F401B9C65D200C31761 /* Release */ = {
			isa = XCBuildConfiguration;
			buildSettings = {
				BUNDLE_LOADER = "$(TEST_HOST)";
				INFOPLIST_FILE = tabTestTests/Info.plist;
				LD_RUNPATH_SEARCH_PATHS = "$(inherited) @executable_path/Frameworks @loader_path/Frameworks";
				PRODUCT_BUNDLE_IDENTIFIER = com.ilyan.test.tabTestTests;
				PRODUCT_NAME = "$(TARGET_NAME)";
				TEST_HOST = "$(BUILT_PRODUCTS_DIR)/tabTest.app/tabTest";
			};
			name = Release;
		};
		12D22F421B9C65D200C31761 /* Debug */ = {
			isa = XCBuildConfiguration;
			buildSettings = {
				INFOPLIST_FILE = tabTestUITests/Info.plist;
				LD_RUNPATH_SEARCH_PATHS = "$(inherited) @executable_path/Frameworks @loader_path/Frameworks";
				PRODUCT_BUNDLE_IDENTIFIER = com.ilyan.test.tabTestUITests;
				PRODUCT_NAME = "$(TARGET_NAME)";
				TEST_TARGET_NAME = tabTest;
				USES_XCTRUNNER = YES;
			};
			name = Debug;
		};
		12D22F431B9C65D200C31761 /* Release */ = {
			isa = XCBuildConfiguration;
			buildSettings = {
				INFOPLIST_FILE = tabTestUITests/Info.plist;
				LD_RUNPATH_SEARCH_PATHS = "$(inherited) @executable_path/Frameworks @loader_path/Frameworks";
				PRODUCT_BUNDLE_IDENTIFIER = com.ilyan.test.tabTestUITests;
				PRODUCT_NAME = "$(TARGET_NAME)";
				TEST_TARGET_NAME = tabTest;
				USES_XCTRUNNER = YES;
			};
			name = Release;
		};
/* End XCBuildConfiguration section */

/* Begin XCConfigurationList section */
		12D22F0C1B9C65D200C31761 /* Build configuration list for PBXProject "tabTest" */ = {
			isa = XCConfigurationList;
			buildConfigurations = (
				12D22F391B9C65D200C31761 /* Debug */,
				12D22F3A1B9C65D200C31761 /* Release */,
			);
			defaultConfigurationIsVisible = 0;
			defaultConfigurationName = Release;
		};
		12D22F3B1B9C65D200C31761 /* Build configuration list for PBXNativeTarget "tabTest" */ = {
			isa = XCConfigurationList;
			buildConfigurations = (
				12D22F3C1B9C65D200C31761 /* Debug */,
				12D22F3D1B9C65D200C31761 /* Release */,
			);
			defaultConfigurationIsVisible = 0;
		};
		12D22F3E1B9C65D200C31761 /* Build configuration list for PBXNativeTarget "tabTestTests" */ = {
			isa = XCConfigurationList;
			buildConfigurations = (
				12D22F3F1B9C65D200C31761 /* Debug */,
				12D22F401B9C65D200C31761 /* Release */,
			);
			defaultConfigurationIsVisible = 0;
		};
		12D22F411B9C65D200C31761 /* Build configuration list for PBXNativeTarget "tabTestUITests" */ = {
			isa = XCConfigurationList;
			buildConfigurations = (
				12D22F421B9C65D200C31761 /* Debug */,
				12D22F431B9C65D200C31761 /* Release */,
			);
			defaultConfigurationIsVisible = 0;
		};
/* End XCConfigurationList section */
	};
	rootObject = 12D22F091B9C65D200C31761 /* Project object */;
}
